<?xml version="1.0" encoding="utf-8"?>
<Project ToolsVersion="4.0" xmlns="http://schemas.microsoft.com/developer/msbuild/2003">
  <ItemGroup>
    <ClCompile Include="AbilityBase.cpp" />
    <ClCompile Include="AbilityDash.cpp" />
    <ClCompile Include="Bound.cpp" />
    <ClCompile Include="CameraFollow.cpp" />
    <ClCompile Include="CameraSwitcher.cpp" />
    <ClCompile Include="CharacterBase.cpp" />
    <ClCompile Include="Damageable.cpp" />
    <ClCompile Include="DeathAbilityBase.cpp" />
    <ClCompile Include="DeathBasicAttack.cpp" />
    <ClCompile Include="DeathCharacter.cpp" />
    <ClCompile Include="DeathChargedAttack.cpp" />
    <ClCompile Include="DeathDash.cpp" />
    <ClCompile Include="DeathTaunt.cpp" />
    <ClCompile Include="DebugDamageTrigger.cpp" />
    <ClCompile Include="DebugDrawTest.cpp" />
    <ClCompile Include="DefeatConditionManager.cpp" />
    <ClCompile Include="dllmain.cpp" />
    <ClCompile Include="EnemyDamageable.cpp" />
    <ClCompile Include="EnemyDeathState.cpp" />
    <ClCompile Include="EnemyShadowMark.cpp" />
    <ClCompile Include="HapticTester.cpp" />
    <ClCompile Include="HeartbeatHaptic.cpp" />
    <ClCompile Include="HealthPickup.cpp" />
    <ClCompile Include="LevelCheats.cpp" />
    <ClCompile Include="LinkedDeathEnemyState.cpp" />
    <ClCompile Include="LocalMultiplayerSetup.cpp" />
    <ClCompile Include="LyrielAbilityBase.cpp" />
    <ClCompile Include="LyrielArrowProjectile.cpp" />
    <ClCompile Include="LyrielArrowVolley.cpp" />
    <ClCompile Include="LyrielBasicAttack.cpp" />
    <ClCompile Include="LyrielCharacter.cpp" />
    <ClCompile Include="LyrielChargedAttack.cpp" />
    <ClCompile Include="LyrielDash.cpp" />
    <ClCompile Include="pch.cpp" />
    <ClCompile Include="PersistingPowerupState.cpp" />
    <ClCompile Include="PlayerAnimationController.cpp" />
    <ClCompile Include="PlayerController.cpp" />
    <ClCompile Include="PlayerDamageable.cpp" />
    <ClCompile Include="PlayerDownState.cpp" />
    <ClCompile Include="PlayerMovement.cpp" />
    <ClCompile Include="PlayerRotation.cpp" />
    <ClCompile Include="PlayerState.cpp" />
    <ClCompile Include="PlayerTargetController.cpp" />
    <ClCompile Include="ReaperGauge.cpp" />
    <ClCompile Include="SimpleMath.cpp" />
    <ClCompile Include="SpikeTrap.cpp" />
    <ClCompile Include="TargetIndicatorUI.cpp" />
    <ClCompile Include="TestingButton.cpp" />
    <ClCompile Include="TriggerArea.cpp" />
    <ClCompile Include="UIController.cpp" />
    <ClCompile Include="UIPause.cpp" />
    <ClCompile Include="ArthurAttackConfig.cpp" />
    <ClCompile Include="ArthurAttackDebugDraw.cpp" />
    <ClCompile Include="ArthurBossController.cpp" />
    <ClCompile Include="ArthurChargingSlam.cpp" />
    <ClCompile Include="ArthurChase.cpp" />
    <ClCompile Include="ArthurDetectionAggro.cpp" />
    <ClCompile Include="ArthurEarthHammer.cpp" />
    <ClCompile Include="ArthurHeavySwipe.cpp" />
    <ClCompile Include="ArthurSideSweep.cpp" />
    <ClCompile Include="BreakableDamageable.cpp" />
    <ClCompile Include="BreakableExplosive.cpp" />
    <ClCompile Include="BreakableHealingDrop.cpp" />
    <ClCompile Include="BreakableObject.cpp" />
    <ClCompile Include="CrystalShadowMark.cpp" />
    <ClCompile Include="HealthDropSpawner.cpp" />
    <ClCompile Include="Pickup.cpp" />
    <ClCompile Include="PowerupCollectible.cpp" />
    <ClCompile Include="PuzzleManagerLVL1.cpp" />
    <ClCompile Include="ShadowExecution.cpp" />
    <ClCompile Include="EnemyDetectionAggro.cpp" />
    <ClCompile Include="PlayerStunState.cpp" />
    <ClCompile Include="CooperativeSound.cpp" />
    <ClCompile Include="DeathSound.cpp" />
    <ClCompile Include="LyrielSound.cpp" />
    <ClCompile Include="ArcherArrowBarrageState.cpp" />
    <ClCompile Include="ArcherAttackConfig.cpp" />
    <ClCompile Include="ArcherSomersaultState.cpp" />
    <ClCompile Include="RangedEnemyController.cpp" />
    <ClCompile Include="EnemyAttackExecutor.cpp" />
    <ClCompile Include="EnemyIdleState.cpp" />
    <ClCompile Include="EnemyAttackState.cpp" />
    <ClCompile Include="ArcherChaseState.cpp" />
    <ClCompile Include="ArcherUI.cpp" />
    <ClCompile Include="ArthurUI.cpp" />
    <ClCompile Include="CameraTransitionController.cpp" />
    <ClCompile Include="CameraTransitionEvent.cpp" />
    <ClCompile Include="CharacterUI.cpp" />
    <ClCompile Include="DeathConfig.cpp" />
    <ClCompile Include="DeathTargetIndicatorUI.cpp" />
    <ClCompile Include="DeathUI.cpp" />
    <ClCompile Include="EnemyBaseAttackConfig.cpp" />
    <ClCompile Include="EnemyBaseController.cpp" />
    <ClCompile Include="EnemyRecoverState.cpp" />
    <ClCompile Include="EnemyStunnedState.cpp" />
    <ClCompile Include="GameplayEventTrigger.cpp" />
    <ClCompile Include="HUDFader.cpp" />
    <ClCompile Include="LyrielConfig.cpp" />
    <ClCompile Include="LyrielTargetIndicatorUI.cpp" />
    <ClCompile Include="LyrielUI.cpp" />
    <ClCompile Include="MeleeEnemyController.cpp" />
    <ClCompile Include="PaladinAttackConfig.cpp" />
    <ClCompile Include="PaladinChargeState.cpp" />
    <ClCompile Include="PaladinChaseState.cpp" />
    <ClCompile Include="UISplashScreen.cpp" />
    <ClCompile Include="NavBlockerTest.cpp" />
    <ClCompile Include="AnimationOverrideTester.cpp" />
    <ClCompile Include="ProjectileBase.cpp" />
    <ClCompile Include="CameraTransitionStep.cpp" />
    <ClCompile Include="ProjectilePool.cpp" />
    <ClCompile Include="CameraTransitionStepAction.cpp" />
  </ItemGroup>
  <ItemGroup>
    <ClInclude Include="AbilityBase.h" />
    <ClInclude Include="AbilityDash.h" />
    <ClInclude Include="Bound.h" />
    <ClInclude Include="CameraFollow.h" />
    <ClInclude Include="CameraSwitcher.h" />
    <ClInclude Include="CharacterBase.h" />
    <ClInclude Include="Damageable.h" />
    <ClInclude Include="DeathAbilityBase.h" />
    <ClInclude Include="DeathBasicAttack.h" />
    <ClInclude Include="DeathCharacter.h" />
    <ClInclude Include="DeathChargedAttack.h" />
    <ClInclude Include="DeathDash.h" />
    <ClInclude Include="DeathTaunt.h" />
    <ClInclude Include="DebugDamageTrigger.h" />
    <ClInclude Include="DebugDrawTest.h" />
    <ClInclude Include="DefeatConditionManager.h" />
    <ClInclude Include="EnemyDamageable.h" />
    <ClInclude Include="EnemyDeathState.h" />
    <ClInclude Include="EnemyDetectionAggro.h" />
    <ClInclude Include="framework.h" />
    <ClInclude Include="HapticTester.h" />
    <ClInclude Include="HeartbeatHaptic.h" />
    <ClInclude Include="HealthPickup.h" />
    <ClInclude Include="LevelCheats.h" />
    <ClInclude Include="LinkedDeathEnemyState.h" />
    <ClInclude Include="LocalMultiplayerSetup.h" />
    <ClInclude Include="LyrielAbilityBase.h" />
    <ClInclude Include="LyrielArrowProjectile.h" />
    <ClInclude Include="LyrielArrowVolley.h" />
    <ClInclude Include="LyrielBasicAttack.h" />
    <ClInclude Include="LyrielCharacter.h" />
    <ClInclude Include="LyrielChargedAttack.h" />
    <ClInclude Include="LyrielDash.h" />
    <ClInclude Include="pch.h" />
    <ClInclude Include="PlayerAnimationController.h" />
    <ClInclude Include="PlayerController.h" />
    <ClInclude Include="PlayerDamageable.h" />
    <ClInclude Include="PlayerDownState.h" />
    <ClInclude Include="PlayerMovement.h" />
    <ClInclude Include="PlayerRotation.h" />
    <ClInclude Include="PlayerState.h" />
    <ClInclude Include="PlayerTargetController.h" />
    <ClInclude Include="SpikeTrap.h" />
    <ClInclude Include="TargetIndicatorUI.h" />
    <ClInclude Include="TestingButton.h" />
    <ClInclude Include="TriggerArea.h" />
    <ClInclude Include="UIController.h" />
    <ClInclude Include="UIPause.h" />
    <ClInclude Include="ArthurAttackConfig.h" />
    <ClInclude Include="ArthurAttackDebugDraw.h" />
    <ClInclude Include="ArthurBossController.h" />
    <ClInclude Include="ArthurChargingSlam.h" />
    <ClInclude Include="ArthurChase.h" />
    <ClInclude Include="ArthurDetectionAggro.h" />
    <ClInclude Include="ArthurEarthHammer.h" />
    <ClInclude Include="ArthurHeavySwipe.h" />
    <ClInclude Include="ArthurSideSweep.h" />
    <ClInclude Include="BreakableDamageable.h" />
    <ClInclude Include="BreakableExplosive.h" />
    <ClInclude Include="BreakableHealingDrop.h" />
    <ClInclude Include="BreakableObject.h" />
    <ClInclude Include="CrystalShadowMark.h" />
    <ClInclude Include="EnemyShadowMark.h" />
    <ClInclude Include="HealthDropSpawner.h" />
    <ClInclude Include="Pickup.h" />
    <ClInclude Include="PowerupCollectible.h" />
    <ClInclude Include="PuzzleManagerLVL1.h" />
    <ClInclude Include="ReaperGauge.h" />
    <ClInclude Include="ShadowExecution.h" />
    <ClInclude Include="SimpleMath.h" />
    <ClInclude Include="PlayerStunState.h" />
    <ClInclude Include="CooperativeSound.h" />
    <ClInclude Include="DeathSound.h" />
    <ClInclude Include="LyrielSound.h" />
    <ClInclude Include="ArcherArrowBarrageState.h" />
    <ClInclude Include="ArcherAttackConfig.h" />
    <ClInclude Include="ArcherSomersaultState.h" />
    <ClInclude Include="RangedEnemyController.h" />
    <ClInclude Include="EnemyAttackExecutor.h" />
    <ClInclude Include="EnemyIdleState.h" />
    <ClInclude Include="EnemyAttackState.h" />
    <ClInclude Include="ArcherChaseState.h" />
    <ClInclude Include="ArcherUI.h" />
    <ClInclude Include="ArthurUI.h" />
    <ClInclude Include="CameraTransitionController.h" />
    <ClInclude Include="CameraTransitionEvent.h" />
    <ClInclude Include="CharacterUI.h" />
    <ClInclude Include="DeathConfig.h" />
    <ClInclude Include="DeathTargetIndicatorUI.h" />
    <ClInclude Include="DeathUI.h" />
    <ClInclude Include="EnemyBaseAttackConfig.h" />
    <ClInclude Include="EnemyBaseController.h" />
    <ClInclude Include="EnemyRecoverState.h" />
    <ClInclude Include="EnemyStunnedState.h" />
    <ClInclude Include="GameplayEventTrigger.h" />
    <ClInclude Include="HUDFader.h" />
    <ClInclude Include="LyrielConfig.h" />
    <ClInclude Include="LyrielTargetIndicatorUI.h" />
    <ClInclude Include="LyrielUI.h" />
    <ClInclude Include="MeleeEnemyController.h" />
    <ClInclude Include="PaladinAttackConfig.h" />
    <ClInclude Include="PaladinChargeState.h" />
    <ClInclude Include="PaladinChaseState.h" />
    <ClInclude Include="UISplashScreen.h" />
    <ClInclude Include="NavBlockerTest.h" />
    <ClInclude Include="AnimationOverrideTester.h" />
    <ClInclude Include="ProjectileBase.h" />
    <ClInclude Include="CameraTransitionStep.h" />
    <ClInclude Include="ProjectilePool.h" />
    <ClInclude Include="CameraTransitionStepAction.h" />
  </ItemGroup>
  <ItemGroup>
    <None Include="SimpleMath.inl" />
  </ItemGroup>
</Project>