<?xml version="1.0" encoding="utf-8"?>
<Project ToolsVersion="4.0" xmlns="http://schemas.microsoft.com/developer/msbuild/2003">
  <ItemGroup>
    <ClCompile Include="3rdParty\ImGuiBezier\imgui_bezier.cpp">
      <Filter>Editor\imgui</Filter>
    </ClCompile>
    <ClCompile Include="3rdParty\ImGuizmo\ImGuizmo.cpp">
      <Filter>Editor\imgui</Filter>
    </ClCompile>
    <ClCompile Include="3rdParty\ImguiColorGradient\imgui_color_gradient.cpp">
      <Filter>Editor\imgui</Filter>
    </ClCompile>
    <ClCompile Include="3rdParty\Wwise\samples\SoundEngine\Common\AkDefaultLowLevelIODispatcher.cpp">
      <Filter>MusicSystem\3rdParty</Filter>
    </ClCompile>
    <ClCompile Include="3rdParty\Wwise\samples\SoundEngine\Common\AkFileLocationBase.cpp">
      <Filter>MusicSystem\3rdParty</Filter>
    </ClCompile>
    <ClCompile Include="3rdParty\Wwise\samples\SoundEngine\Common\AkGeneratedSoundBanksResolver.cpp">
      <Filter>MusicSystem\3rdParty</Filter>
    </ClCompile>
    <ClCompile Include="3rdParty\Wwise\samples\SoundEngine\Common\AkMultipleFileLocation.cpp">
      <Filter>MusicSystem\3rdParty</Filter>
    </ClCompile>
    <ClCompile Include="3rdParty\Wwise\samples\SoundEngine\Common\AkPlatformProfilerHookStubs.cpp">
      <Filter>MusicSystem\3rdParty</Filter>
    </ClCompile>
    <ClCompile Include="3rdParty\Wwise\samples\SoundEngine\Win32\AkDefaultIOHookDeferred.cpp">
      <Filter>MusicSystem\3rdParty</Filter>
    </ClCompile>
    <ClCompile Include="3rdParty\imgui-docking\backends\imgui_impl_dx12.cpp">
      <Filter>Editor\imgui</Filter>
    </ClCompile>
    <ClCompile Include="3rdParty\imgui-docking\backends\imgui_impl_win32.cpp">
      <Filter>Editor\imgui</Filter>
    </ClCompile>
    <ClCompile Include="3rdParty\imgui-docking\imgui.cpp">
      <Filter>Editor\imgui</Filter>
    </ClCompile>
    <ClCompile Include="3rdParty\imgui-docking\imgui_demo.cpp">
      <Filter>Editor\imgui</Filter>
    </ClCompile>
    <ClCompile Include="3rdParty\imgui-docking\imgui_draw.cpp">
      <Filter>Editor\imgui</Filter>
    </ClCompile>
    <ClCompile Include="3rdParty\imgui-docking\imgui_tables.cpp">
      <Filter>Editor\imgui</Filter>
    </ClCompile>
    <ClCompile Include="3rdParty\imgui-docking\imgui_widgets.cpp">
      <Filter>Editor\imgui</Filter>
    </ClCompile>
    <ClCompile Include="3rdParty\imgui-node-editor-master\crude_json.cpp">
      <Filter>Editor\imgui\NodeEditor</Filter>
    </ClCompile>
    <ClCompile Include="3rdParty\imgui-node-editor-master\imgui_canvas.cpp">
      <Filter>Editor\imgui</Filter>
    </ClCompile>
    <ClCompile Include="3rdParty\imgui-node-editor-master\imgui_node_editor.cpp">
      <Filter>Editor\imgui\NodeEditor</Filter>
    </ClCompile>
    <ClCompile Include="3rdParty\imgui-node-editor-master\imgui_node_editor_api.cpp">
      <Filter>Editor\imgui\NodeEditor</Filter>
    </ClCompile>
    <ClCompile Include="3rdParty\pcg\pcg_basic.c" />
    <ClCompile Include="AnimationComponent.cpp">
      <Filter>Animations</Filter>
    </ClCompile>
    <ClCompile Include="AnimationController.cpp">
      <Filter>Animations</Filter>
    </ClCompile>
    <ClCompile Include="Application.cpp">
      <Filter>Core\Application</Filter>
    </ClCompile>
    <ClCompile Include="Asset.cpp">
      <Filter>Persistence\Assets</Filter>
    </ClCompile>
    <ClCompile Include="AssetCache.cpp">
      <Filter>Persistence</Filter>
    </ClCompile>
    <ClCompile Include="AssetDialogFilter.cpp">
      <Filter>Persistence\Assets</Filter>
    </ClCompile>
    <ClCompile Include="AssetFileDialog.cpp">
      <Filter>Persistence</Filter>
    </ClCompile>
    <ClCompile Include="AssetIndex.cpp">
      <Filter>Persistence</Filter>
    </ClCompile>
    <ClCompile Include="AssetScanner.cpp">
      <Filter>Persistence\Assets</Filter>
    </ClCompile>
    <ClCompile Include="BasicMaterial.cpp">
      <Filter>D3D12\Geometry\BasicModel\BasicMaterial</Filter>
    </ClCompile>
    <ClCompile Include="BasicMesh.cpp">
      <Filter>D3D12\Geometry\BasicModel\Mesh</Filter>
    </ClCompile>
    <ClCompile Include="BinaryArchive.cpp">
      <Filter>Persistence</Filter>
    </ClCompile>
    <ClCompile Include="BoundingBox.cpp">
      <Filter>D3D12\Geometry</Filter>
    </ClCompile>
    <ClCompile Include="Buffer.cpp">
      <Filter>D3D12\Resources\Buffers</Filter>
    </ClCompile>
    <ClCompile Include="CameraComponent.cpp">
      <Filter>GameEntity\Components</Filter>
    </ClCompile>
    <ClCompile Include="Canvas.cpp">
      <Filter>Persistence\Importers\External\UI</Filter>
    </ClCompile>
    <ClCompile Include="CommandAddChildToPrefabRoot.cpp">
      <Filter>Core\Commands</Filter>
    </ClCompile>
    <ClCompile Include="CommandAddGameObject.cpp">
      <Filter>Core\Commands</Filter>
    </ClCompile>
    <ClCompile Include="CommandCreateDataContainer.cpp">
      <Filter>Core\Commands</Filter>
    </ClCompile>
    <ClCompile Include="CommandCreateFolder.cpp">
      <Filter>Core\Commands</Filter>
    </ClCompile>
    <ClCompile Include="CommandCreateGameObject.cpp">
      <Filter>Core\Commands</Filter>
    </ClCompile>
    <ClCompile Include="CommandCutItem.cpp">
      <Filter>Core\Commands</Filter>
    </ClCompile>
    <ClCompile Include="CommandDeleteAsset.cpp">
      <Filter>Core\Commands</Filter>
    </ClCompile>
    <ClCompile Include="CommandDeleteFolder.cpp">
      <Filter>Core\Commands</Filter>
    </ClCompile>
    <ClCompile Include="CommandImportAsset.cpp">
      <Filter>Core\Commands</Filter>
    </ClCompile>
    <ClCompile Include="CommandInstantiatePrefab.cpp">
      <Filter>Core\Commands</Filter>
    </ClCompile>
    <ClCompile Include="CommandMoveFile.cpp">
      <Filter>Core\Commands</Filter>
    </ClCompile>
    <ClCompile Include="CommandPasteFile.cpp">
      <Filter>Core\Commands</Filter>
    </ClCompile>
    <ClCompile Include="CommandQueue.cpp">
      <Filter>Core\Commands</Filter>
    </ClCompile>
    <ClCompile Include="CommandRemoveGameObject.cpp">
      <Filter>Core\Commands</Filter>
    </ClCompile>
    <ClCompile Include="CommandRenameGameObject.cpp">
      <Filter>Core\Commands</Filter>
    </ClCompile>
    <ClCompile Include="CommandReparent.cpp">
      <Filter>Core\Commands</Filter>
    </ClCompile>
    <ClCompile Include="CommandSaveGameObjectAsPrefab.cpp">
      <Filter>Core\Commands</Filter>
    </ClCompile>
    <ClCompile Include="Component.cpp">
      <Filter>GameEntity\Components</Filter>
    </ClCompile>
    <ClCompile Include="ComponentFactory.cpp">
      <Filter>GameEntity\Components</Filter>
    </ClCompile>
    <ClCompile Include="ComponentSoundListener.cpp">
      <Filter>GameEntity\Components</Filter>
    </ClCompile>
    <ClCompile Include="ComponentSoundSource.cpp">
      <Filter>GameEntity\Components</Filter>
    </ClCompile>
    <ClCompile Include="ContentRegistry.cpp">
      <Filter>Persistence\ToChange</Filter>
    </ClCompile>
    <ClCompile Include="DataContainer.cpp">
      <Filter>Core\Scripting</Filter>
    </ClCompile>
    <ClCompile Include="DataContainerExporter.cpp">
      <Filter>Core\Scripting</Filter>
    </ClCompile>
    <ClCompile Include="DebugDrawPass.cpp">
      <Filter>D3D12\Rendering\Pass</Filter>
    </ClCompile>
    <ClCompile Include="DeferredShadingPass.cpp">
      <Filter>D3D12\Rendering\Pass</Filter>
    </ClCompile>
    <ClCompile Include="DescriptorHeap.cpp">
      <Filter>D3D12\Wrappers\Descriptors</Filter>
    </ClCompile>
    <ClCompile Include="DescriptorHeapBlock.cpp">
      <Filter>D3D12\Wrappers\Descriptors</Filter>
    </ClCompile>
    <ClCompile Include="EditorToolbar.cpp">
      <Filter>Editor\Toolbars</Filter>
    </ClCompile>
    <ClCompile Include="EmitterAnimation.cpp">
      <Filter>ParticleSystem\Properties</Filter>
    </ClCompile>
    <ClCompile Include="EmitterArea.cpp">
      <Filter>ParticleSystem\Properties</Filter>
    </ClCompile>
    <ClCompile Include="EmitterColor.cpp">
      <Filter>ParticleSystem\Properties</Filter>
    </ClCompile>
    <ClCompile Include="EmitterInstance.cpp">
      <Filter>ParticleSystem</Filter>
    </ClCompile>
    <ClCompile Include="EmitterLifetime.cpp">
      <Filter>ParticleSystem\Properties</Filter>
    </ClCompile>
    <ClCompile Include="EmitterRender.cpp">
      <Filter>ParticleSystem\Properties</Filter>
    </ClCompile>
    <ClCompile Include="EmitterRotation.cpp">
      <Filter>ParticleSystem\Properties</Filter>
    </ClCompile>
    <ClCompile Include="EmitterSize.cpp">
      <Filter>ParticleSystem\Properties</Filter>
    </ClCompile>
    <ClCompile Include="EmitterSpawn.cpp">
      <Filter>ParticleSystem\Properties</Filter>
    </ClCompile>
    <ClCompile Include="EmitterVelocity.cpp">
      <Filter>ParticleSystem\Properties</Filter>
    </ClCompile>
    <ClCompile Include="Engine.cpp">
      <Filter>Core\Engine</Filter>
    </ClCompile>
    <ClCompile Include="EngineAPI.cpp">
      <Filter>Core\Engine</Filter>
    </ClCompile>
    <ClCompile Include="EquirectangularPass.cpp">
      <Filter>D3D12\Rendering\IBL</Filter>
    </ClCompile>
    <ClCompile Include="FieldHandler_AssetRef.cpp">
      <Filter>Core\Scripting</Filter>
    </ClCompile>
    <ClCompile Include="FieldHandler_Bool.cpp">
      <Filter>Core\Scripting</Filter>
    </ClCompile>
    <ClCompile Include="FieldHandler_ComponentRef.cpp">
      <Filter>Core\Scripting</Filter>
    </ClCompile>
    <ClCompile Include="FieldHandler_ComponentRefList.cpp">
      <Filter>Core\Scripting</Filter>
    </ClCompile>
    <ClCompile Include="FieldHandler_EnumInt.cpp">
      <Filter>Core\Scripting</Filter>
    </ClCompile>
    <ClCompile Include="FieldHandler_Float.cpp">
      <Filter>Core\Scripting</Filter>
    </ClCompile>
    <ClCompile Include="FieldHandler_GroupLabel.cpp">
      <Filter>Core\Scripting\FieldTypeHandler</Filter>
    </ClCompile>
    <ClCompile Include="FieldHandler_Int.cpp">
      <Filter>Core\Scripting</Filter>
    </ClCompile>
    <ClCompile Include="FieldHandler_List.cpp">
      <Filter>Core\Scripting\FieldTypeHandler</Filter>
    </ClCompile>
    <ClCompile Include="FieldHandler_String.cpp">
      <Filter>Core\Scripting</Filter>
    </ClCompile>
    <ClCompile Include="FieldHandler_Vec3.cpp">
      <Filter>Core\Scripting</Filter>
    </ClCompile>
    <ClCompile Include="FieldUtils.cpp">
      <Filter>Core\Scripting</Filter>
    </ClCompile>
    <ClCompile Include="FileDialog.cpp">
      <Filter>Editor\Views</Filter>
    </ClCompile>
    <ClCompile Include="FileIO.cpp">
      <Filter>Persistence</Filter>
    </ClCompile>
    <ClCompile Include="FontPass.cpp">
      <Filter>D3D12\Rendering\Pass</Filter>
    </ClCompile>
    <ClCompile Include="ForwardPrepass.cpp">
      <Filter>D3D12\Rendering\Pass</Filter>
    </ClCompile>
    <ClCompile Include="Frustum.cpp">
      <Filter>D3D12\Geometry</Filter>
    </ClCompile>
    <ClCompile Include="GameObject.cpp">
      <Filter>GameEntity\GameObject</Filter>
    </ClCompile>
    <ClCompile Include="GamePad.cpp">
      <Filter>Inputs\GamePad</Filter>
    </ClCompile>
    <ClCompile Include="GeometryPass.cpp">
      <Filter>D3D12\Rendering\Pass</Filter>
    </ClCompile>
    <ClCompile Include="Globals.cpp">
      <Filter>Core</Filter>
    </ClCompile>
    <ClCompile Include="HapticEffectDefinition.cpp">
      <Filter>Haptics</Filter>
    </ClCompile>
    <ClCompile Include="HapticEffectLibrary.cpp">
      <Filter>Haptics</Filter>
    </ClCompile>
    <ClCompile Include="HierarchyTreeRenderer.cpp">
      <Filter>Editor\Views\Hierarchy</Filter>
    </ClCompile>
    <ClCompile Include="HierarchyUtils.cpp">
      <Filter>Editor\Views\Hierarchy</Filter>
    </ClCompile>
    <ClCompile Include="ImGuiPass.cpp">
      <Filter>D3D12\Rendering\Pass</Filter>
    </ClCompile>
    <ClCompile Include="ImportSettings.cpp">
      <Filter>Persistence\Importers</Filter>
    </ClCompile>
    <ClCompile Include="ImporterFont.cpp">
      <Filter>Persistence\Importers\External</Filter>
    </ClCompile>
    <ClCompile Include="ImporterGltf.cpp">
      <Filter>Persistence\Importers\External\Gltf</Filter>
    </ClCompile>
    <ClCompile Include="ImporterNavMesh.cpp">
      <Filter>Persistence\Importers\External</Filter>
    </ClCompile>
    <ClCompile Include="ImporterPrefab.cpp">
      <Filter>Persistence\Importers\Native</Filter>
    </ClCompile>
    <ClCompile Include="ImporterRegistry.cpp">
      <Filter>Persistence</Filter>
    </ClCompile>
    <ClCompile Include="ImporterSoundBank.cpp">
      <Filter>Persistence\Importers\External</Filter>
    </ClCompile>
    <ClCompile Include="ImporterTexture.cpp">
      <Filter>Persistence\Importers\External</Filter>
    </ClCompile>
    <ClCompile Include="IndexBuffer.cpp">
      <Filter>D3D12\Resources\Buffers\IndexBuffer</Filter>
    </ClCompile>
    <ClCompile Include="JsonArchive.cpp">
      <Filter>Persistence</Filter>
    </ClCompile>
    <ClCompile Include="Keyboard.cpp">
      <Filter>Inputs\Keyboard</Filter>
    </ClCompile>
    <ClCompile Include="LightComponent.cpp">
      <Filter>GameEntity\Components</Filter>
    </ClCompile>
    <ClCompile Include="LightingPass.cpp">
      <Filter>D3D12\Rendering\Pass</Filter>
    </ClCompile>
    <ClCompile Include="MD5.cpp">
      <Filter>Maths</Filter>
    </ClCompile>
    <ClCompile Include="MeshAsset.cpp">
      <Filter>Persistence\Assets</Filter>
    </ClCompile>
    <ClCompile Include="MeshRenderer.cpp">
      <Filter>GameEntity\Components</Filter>
    </ClCompile>
    <ClCompile Include="Metadata.cpp">
      <Filter>Persistence</Filter>
    </ClCompile>
    <ClCompile Include="ModuleAssets.cpp">
      <Filter>Persistence</Filter>
    </ClCompile>
    <ClCompile Include="ModuleCamera.cpp">
      <Filter>D3D12\Rendering</Filter>
    </ClCompile>
    <ClCompile Include="ModuleD3D12.cpp">
      <Filter>D3D12</Filter>
    </ClCompile>
    <ClCompile Include="ModuleDescriptors.cpp">
      <Filter>D3D12\Wrappers\Descriptors</Filter>
    </ClCompile>
    <ClCompile Include="ModuleEditor.cpp">
      <Filter>Editor</Filter>
    </ClCompile>
    <ClCompile Include="ModuleEventSystem.cpp">
      <Filter>Persistence\Importers\External\UI\Events</Filter>
    </ClCompile>
    <ClCompile Include="ModuleGameView.cpp">
      <Filter>GameEntity</Filter>
    </ClCompile>
    <ClCompile Include="ModuleHaptics.cpp">
      <Filter>Haptics</Filter>
    </ClCompile>
    <ClCompile Include="ModuleInput.cpp">
      <Filter>Inputs</Filter>
    </ClCompile>
    <ClCompile Include="ModuleMusic.cpp">
      <Filter>MusicSystem</Filter>
    </ClCompile>
    <ClCompile Include="ModuleNavigation.cpp">
      <Filter>NavMesh</Filter>
    </ClCompile>
    <ClCompile Include="ModuleParticleSystem.cpp">
      <Filter>ParticleSystem</Filter>
    </ClCompile>
    <ClCompile Include="ModuleRender.cpp">
      <Filter>D3D12\Rendering</Filter>
    </ClCompile>
    <ClCompile Include="ModuleResources.cpp">
      <Filter>D3D12\Resources</Filter>
    </ClCompile>
    <ClCompile Include="ModuleScene.cpp">
      <Filter>GameEntity</Filter>
    </ClCompile>
    <ClCompile Include="ModuleScripting.cpp">
      <Filter>Core\Scripting</Filter>
    </ClCompile>
    <ClCompile Include="ModuleTime.cpp">
      <Filter>Core\Timers</Filter>
    </ClCompile>
    <ClCompile Include="ModuleUI.cpp">
      <Filter>Persistence\Importers\External\UI</Filter>
    </ClCompile>
    <ClCompile Include="Mouse.cpp">
      <Filter>Inputs\Mouse</Filter>
    </ClCompile>
    <ClCompile Include="MusicPlaybackTracker.cpp">
      <Filter>MusicSystem</Filter>
    </ClCompile>
    <ClCompile Include="NavMeshAsset.cpp">
      <Filter>NavMesh</Filter>
    </ClCompile>
    <ClCompile Include="NavMeshBuildSettings.cpp">
      <Filter>NavMesh</Filter>
    </ClCompile>
    <ClCompile Include="NavMeshBuilder.cpp">
      <Filter>NavMesh</Filter>
    </ClCompile>
    <ClCompile Include="NavMeshGeometryExtractor.cpp">
      <Filter>NavMesh</Filter>
    </ClCompile>
    <ClCompile Include="NavModifierVolumeComponent.cpp">
      <Filter>NavMesh</Filter>
    </ClCompile>
    <ClCompile Include="NavRuntimeBlockerComponent.cpp">
      <Filter>NavMesh</Filter>
    </ClCompile>
    <ClCompile Include="ParticleEmitter.cpp">
      <Filter>ParticleSystem</Filter>
    </ClCompile>
    <ClCompile Include="ParticleModule.cpp">
      <Filter>ParticleSystem</Filter>
    </ClCompile>
    <ClCompile Include="ParticleSystem.cpp">
      <Filter>ParticleSystem</Filter>
    </ClCompile>
    <ClCompile Include="ParticleSystemComponent.cpp">
      <Filter>GameEntity\Components</Filter>
    </ClCompile>
    <ClCompile Include="ParticlesPass.cpp">
      <Filter>D3D12\Rendering\Pass</Filter>
    </ClCompile>
    <ClCompile Include="PdbPatcher.cpp">
      <Filter>Core\Scripting\HotReloading\Pdb</Filter>
    </ClCompile>
    <ClCompile Include="PlayToolbar.cpp">
      <Filter>Editor\Toolbars</Filter>
    </ClCompile>
    <ClCompile Include="PlayerPass.cpp">
      <Filter>D3D12\Rendering\Pass</Filter>
    </ClCompile>
    <ClCompile Include="PlayerRenderBufferComponent.cpp">
      <Filter>GameEntity\Components</Filter>
    </ClCompile>
    <ClCompile Include="PrefabManager.cpp">
      <Filter>Persistence\ToChange</Filter>
    </ClCompile>
    <ClCompile Include="PrefabUI.cpp">
      <Filter>Prefabs</Filter>
    </ClCompile>
    <ClCompile Include="QuadNode.cpp">
      <Filter>DataStructure</Filter>
    </ClCompile>
    <ClCompile Include="Quadtree.cpp">
      <Filter>DataStructure</Filter>
    </ClCompile>
    <ClCompile Include="RenderSurface.cpp">
      <Filter>D3D12\Wrappers</Filter>
    </ClCompile>
    <ClCompile Include="Resources.cpp">
      <Filter>D3D12\Resources</Filter>
    </ClCompile>
    <ClCompile Include="RingBuffer.cpp">
      <Filter>D3D12\Resources\Buffers\RingBuffer</Filter>
    </ClCompile>
    <ClCompile Include="SSAOBlurPass.cpp">
      <Filter>D3D12\Rendering\Pass</Filter>
    </ClCompile>
    <ClCompile Include="SSAOGeometryPass.cpp">
      <Filter>D3D12\Rendering\Pass</Filter>
    </ClCompile>
    <ClCompile Include="SSAOPass.cpp">
      <Filter>D3D12\Rendering\Pass</Filter>
    </ClCompile>
    <ClCompile Include="Scene.cpp">
      <Filter>GameEntity\Scene</Filter>
    </ClCompile>
    <ClCompile Include="SceneConfig.cpp">
      <Filter>Editor</Filter>
    </ClCompile>
    <ClCompile Include="ScenePicking.cpp">
      <Filter>GameEntity\Scene</Filter>
    </ClCompile>
    <ClCompile Include="SceneReferenceResolver.cpp">
      <Filter>GameEntity\Scene</Filter>
    </ClCompile>
    <ClCompile Include="SceneSnapshot.cpp">
      <Filter>GameEntity\Scene</Filter>
    </ClCompile>
    <ClCompile Include="ScriptBuildSystem.cpp">
      <Filter>Core\Scripting\HotReloading\ScriptBuildSystem</Filter>
    </ClCompile>
    <ClCompile Include="ScriptComponent.cpp">
      <Filter>Core\Scripting</Filter>
    </ClCompile>
    <ClCompile Include="ScriptLibraryLoader.cpp">
      <Filter>Core\Scripting\HotReloading\ScriptLibraryLoader</Filter>
    </ClCompile>
    <ClCompile Include="ShadowMapPass.cpp">
      <Filter>D3D12\Rendering\Pass</Filter>
    </ClCompile>
    <ClCompile Include="SimpleMath.cpp">
      <Filter>Maths</Filter>
    </ClCompile>
    <ClCompile Include="Skin.cpp">
      <Filter>D3D12\Geometry</Filter>
    </ClCompile>
    <ClCompile Include="SkinningComputePass.cpp">
      <Filter>Animations</Filter>
    </ClCompile>
    <ClCompile Include="SkyBox.cpp">
      <Filter>D3D12\Entities</Filter>
    </ClCompile>
    <ClCompile Include="SkyBoxPass.cpp">
      <Filter>D3D12\Rendering\Pass</Filter>
    </ClCompile>
    <ClCompile Include="SoundBankAsset.cpp">
      <Filter>Persistence\Assets</Filter>
    </ClCompile>
    <ClCompile Include="StagingDescriptorHeap.cpp">
      <Filter>D3D12\Wrappers\Descriptors</Filter>
    </ClCompile>
    <ClCompile Include="StaticTexturesPass.cpp">
      <Filter>D3D12\Rendering\Pass</Filter>
    </ClCompile>
    <ClCompile Include="SwapChain.cpp">
      <Filter>D3D12</Filter>
    </ClCompile>
    <ClCompile Include="Texture.cpp">
      <Filter>D3D12\Resources\Textures</Filter>
    </ClCompile>
    <ClCompile Include="TextureAsset.cpp">
      <Filter>Persistence\Assets</Filter>
    </ClCompile>
    <ClCompile Include="TextureImportSettings.cpp">
      <Filter>Persistence\Importers\External</Filter>
    </ClCompile>
    <ClCompile Include="ThreadPool.cpp">
      <Filter>Core</Filter>
    </ClCompile>
    <ClCompile Include="Timer.cpp">
      <Filter>Core\Timers</Filter>
    </ClCompile>
    <ClCompile Include="TrailComponent.cpp">
      <Filter>GameEntity\Components</Filter>
    </ClCompile>
    <ClCompile Include="TrailPass.cpp">
      <Filter>D3D12\Rendering\Pass</Filter>
    </ClCompile>
    <ClCompile Include="Transform.cpp">
      <Filter>GameEntity\Components</Filter>
    </ClCompile>
    <ClCompile Include="Transform2D.cpp">
      <Filter>Persistence\Importers\External\UI</Filter>
    </ClCompile>
    <ClCompile Include="TriggerComponent.cpp">
      <Filter>GameEntity\Components</Filter>
    </ClCompile>
    <ClCompile Include="TriggerSystem.cpp">
      <Filter>GameEntity</Filter>
    </ClCompile>
    <ClCompile Include="UIButton.cpp">
      <Filter>Persistence\Importers\External\UI</Filter>
    </ClCompile>
    <ClCompile Include="UID.cpp">
      <Filter>Persistence\UID</Filter>
    </ClCompile>
    <ClCompile Include="UIImage.cpp">
      <Filter>Persistence\Importers\External\UI</Filter>
    </ClCompile>
    <ClCompile Include="UIImagePass.cpp">
      <Filter>D3D12\Rendering\Pass</Filter>
    </ClCompile>
    <ClCompile Include="UILayoutUtils.cpp">
      <Filter>Persistence\Importers\External\UI</Filter>
    </ClCompile>
    <ClCompile Include="UINavigation.cpp">
      <Filter>Persistence\Importers\External\UI\Events</Filter>
    </ClCompile>
    <ClCompile Include="UISheet.cpp">
      <Filter>Persistence\Importers\External\UI</Filter>
    </ClCompile>
    <ClCompile Include="UISlider.cpp">
      <Filter>Persistence\Importers\External\UI</Filter>
    </ClCompile>
    <ClCompile Include="UIText.cpp">
      <Filter>Persistence\Importers\External\UI</Filter>
    </ClCompile>
    <ClCompile Include="UtilityGLFT.cpp">
      <Filter>Persistence\Importers\External\Gltf</Filter>
    </ClCompile>
    <ClCompile Include="VertexBuffer.cpp">
      <Filter>D3D12\Resources\Buffers\VertexBuffer</Filter>
    </ClCompile>
    <ClCompile Include="ViewHierarchyDialog.cpp">
      <Filter>Editor\Views\Hierarchy</Filter>
    </ClCompile>
    <ClCompile Include="WindowAnimationStateMachine.cpp">
      <Filter>Editor\Views</Filter>
    </ClCompile>
    <ClCompile Include="WindowDataContainerManager.cpp">
      <Filter>Editor\Views</Filter>
    </ClCompile>
    <ClCompile Include="WindowEditorSettings.cpp">
      <Filter>Editor\Views</Filter>
    </ClCompile>
    <ClCompile Include="WindowFileDialog.cpp">
      <Filter>Editor\Views</Filter>
    </ClCompile>
    <ClCompile Include="WindowGame.cpp">
      <Filter>Editor\Views</Filter>
    </ClCompile>
    <ClCompile Include="WindowGameDebug.cpp">
      <Filter>Editor\Views\Debugging</Filter>
    </ClCompile>
    <ClCompile Include="WindowHardware.cpp">
      <Filter>Editor\Views\Debugging</Filter>
    </ClCompile>
    <ClCompile Include="WindowHierarchy.cpp">
      <Filter>Editor\Views\Hierarchy</Filter>
    </ClCompile>
    <ClCompile Include="WindowInspector.cpp">
      <Filter>Editor\Views</Filter>
    </ClCompile>
    <ClCompile Include="WindowLogger.cpp">
      <Filter>Editor\Views\Debugging</Filter>
    </ClCompile>
    <ClCompile Include="WindowMusicDebug.cpp">
      <Filter>Editor\Views\Debugging</Filter>
    </ClCompile>
    <ClCompile Include="WindowSceneEditor.cpp">
      <Filter>Editor\Views</Filter>
    </ClCompile>
    <ClCompile Include="WwiseBank.cpp">
      <Filter>MusicSystem\Wwise</Filter>
    </ClCompile>
    <ClCompile Include="WwiseManager.cpp">
      <Filter>MusicSystem\Wwise</Filter>
    </ClCompile>
  </ItemGroup>
  <ItemGroup>
    <ClInclude Include="3rdParty\FontAwesome\IconsFontAwesome5.h">
      <Filter>Editor\Fonts</Filter>
    </ClInclude>
    <ClInclude Include="3rdParty\ImGuiBezier\imgui_bezier.h">
      <Filter>Editor\imgui</Filter>
    </ClInclude>
    <ClInclude Include="3rdParty\ImGuizmo\ImGuizmo.h">
      <Filter>Editor\imgui</Filter>
    </ClInclude>
    <ClInclude Include="3rdParty\ImguiColorGradient\imgui_color_gradient.h">
      <Filter>Editor\imgui</Filter>
    </ClInclude>
    <ClInclude Include="3rdParty\imgui-1.89.8\backends\imgui_impl_win32.h">
      <Filter>Editor\imgui</Filter>
    </ClInclude>
    <ClInclude Include="3rdParty\imgui-docking\backends\imgui_impl_dx12.h">
      <Filter>Editor\imgui</Filter>
    </ClInclude>
    <ClInclude Include="3rdParty\imgui-docking\backends\imgui_impl_win32.h">
      <Filter>Editor\imgui</Filter>
    </ClInclude>
    <ClInclude Include="3rdParty\imgui-docking\imgui.h">
      <Filter>Editor\imgui</Filter>
    </ClInclude>
    <ClInclude Include="3rdParty\imgui-docking\imgui_internal.h">
      <Filter>Editor\imgui</Filter>
    </ClInclude>
    <ClInclude Include="3rdParty\imgui-node-editor-master\crude_json.h">
      <Filter>Editor\imgui\NodeEditor</Filter>
    </ClInclude>
    <ClInclude Include="3rdParty\imgui-node-editor-master\imgui_bezier_math.h">
      <Filter>Editor\imgui\NodeEditor</Filter>
    </ClInclude>
    <ClInclude Include="3rdParty\imgui-node-editor-master\imgui_canvas.h">
      <Filter>Editor\imgui\NodeEditor</Filter>
    </ClInclude>
    <ClInclude Include="3rdParty\imgui-node-editor-master\imgui_extra_math.h">
      <Filter>Editor\imgui\NodeEditor</Filter>
    </ClInclude>
    <ClInclude Include="3rdParty\imgui-node-editor-master\imgui_node_editor.h">
      <Filter>Editor\imgui\NodeEditor</Filter>
    </ClInclude>
    <ClInclude Include="3rdParty\imgui-node-editor-master\imgui_node_editor_internal.h">
      <Filter>Editor\imgui\NodeEditor</Filter>
    </ClInclude>
    <ClInclude Include="AnimationAsset.h">
      <Filter>Animations</Filter>
    </ClInclude>
    <ClInclude Include="AnimationComponent.h">
      <Filter>Animations</Filter>
    </ClInclude>
    <ClInclude Include="AnimationController.h">
      <Filter>Animations</Filter>
    </ClInclude>
    <ClInclude Include="AnimationStateMachineAsset.h">
      <Filter>Animations</Filter>
    </ClInclude>
    <ClInclude Include="Application.h">
      <Filter>Core\Application</Filter>
    </ClInclude>
    <ClInclude Include="Asset.h">
      <Filter>Persistence\Assets</Filter>
    </ClInclude>
    <ClInclude Include="AssetCache.h">
      <Filter>Persistence</Filter>
    </ClInclude>
    <ClInclude Include="AssetDialogFilter.h">
      <Filter>Persistence\Assets</Filter>
    </ClInclude>
    <ClInclude Include="AssetFileDialog.h">
      <Filter>Persistence</Filter>
    </ClInclude>
    <ClInclude Include="AssetIndex.h">
      <Filter>Persistence</Filter>
    </ClInclude>
    <ClInclude Include="AssetRef.h">
      <Filter>Persistence\Assets</Filter>
    </ClInclude>
    <ClInclude Include="AssetReference.h">
      <Filter>Persistence\Assets</Filter>
    </ClInclude>
    <ClInclude Include="AssetScanner.h">
      <Filter>Persistence</Filter>
    </ClInclude>
    <ClInclude Include="AssetType.h">
      <Filter>Persistence\Assets</Filter>
    </ClInclude>
    <ClInclude Include="AssetsDictionary.h">
      <Filter>Persistence\Assets</Filter>
    </ClInclude>
    <ClInclude Include="BasicMaterial.h">
      <Filter>D3D12\Geometry\BasicModel\BasicMaterial</Filter>
    </ClInclude>
    <ClInclude Include="BasicMesh.h">
      <Filter>D3D12\Geometry\BasicModel\Mesh</Filter>
    </ClInclude>
    <ClInclude Include="BinaryArchive.h">
      <Filter>Persistence</Filter>
    </ClInclude>
    <ClInclude Include="BinaryReader.h">
      <Filter>Persistence</Filter>
    </ClInclude>
    <ClInclude Include="BinaryWriter.h">
      <Filter>Persistence</Filter>
    </ClInclude>
    <ClInclude Include="BoundingBox.h">
      <Filter>D3D12\Geometry</Filter>
    </ClInclude>
    <ClInclude Include="BoundingVolume.h">
      <Filter>D3D12\Geometry</Filter>
    </ClInclude>
    <ClInclude Include="Buffer.h">
      <Filter>D3D12\Resources\Buffers</Filter>
    </ClInclude>
    <ClInclude Include="CameraComponent.h">
      <Filter>GameEntity\Components</Filter>
    </ClInclude>
    <ClInclude Include="Canvas.h">
      <Filter>Persistence\Importers\External\UI</Filter>
    </ClInclude>
    <ClInclude Include="CanvasRenderMode.h">
      <Filter>Persistence\Importers\External\UI</Filter>
    </ClInclude>
    <ClInclude Include="Channel.h">
      <Filter>Animations</Filter>
    </ClInclude>
    <ClInclude Include="CommandAddChildToPrefabRoot.h">
      <Filter>Core\Commands</Filter>
    </ClInclude>
    <ClInclude Include="CommandAddGameObject.h">
      <Filter>Core\Commands</Filter>
    </ClInclude>
    <ClInclude Include="CommandCreateDataContainer.h">
      <Filter>Core\Commands</Filter>
    </ClInclude>
    <ClInclude Include="CommandCreateFolder.h">
      <Filter>Core\Commands</Filter>
    </ClInclude>
    <ClInclude Include="CommandCreateGameObject.h">
      <Filter>Core\Commands</Filter>
    </ClInclude>
    <ClInclude Include="CommandCutItem.h">
      <Filter>Core\Commands</Filter>
    </ClInclude>
    <ClInclude Include="CommandDeleteAsset.h">
      <Filter>Core\Commands</Filter>
    </ClInclude>
    <ClInclude Include="CommandDeleteFolder.h">
      <Filter>Core\Commands</Filter>
    </ClInclude>
    <ClInclude Include="CommandImportAsset.h">
      <Filter>Core\Commands</Filter>
    </ClInclude>
    <ClInclude Include="CommandInstantiatePrefab.h">
      <Filter>Core\Commands</Filter>
    </ClInclude>
    <ClInclude Include="CommandMoveFile.h">
      <Filter>Core\Commands</Filter>
    </ClInclude>
    <ClInclude Include="CommandPasteFile.h">
      <Filter>Core\Commands</Filter>
    </ClInclude>
    <ClInclude Include="CommandQueue.h">
      <Filter>Core\Commands</Filter>
    </ClInclude>
    <ClInclude Include="CommandRemoveGameObject.h">
      <Filter>Core\Commands</Filter>
    </ClInclude>
    <ClInclude Include="CommandRenameGameObject.h">
      <Filter>Core\Commands</Filter>
    </ClInclude>
    <ClInclude Include="CommandReparent.h">
      <Filter>Core\Commands</Filter>
    </ClInclude>
    <ClInclude Include="CommandSaveGameObjectAsPrefab.h">
      <Filter>Core\Commands</Filter>
    </ClInclude>
    <ClInclude Include="Component.h">
      <Filter>GameEntity\Components</Filter>
    </ClInclude>
    <ClInclude Include="ComponentFactory.h">
      <Filter>GameEntity\Components</Filter>
    </ClInclude>
    <ClInclude Include="ComponentRef.h">
      <Filter>Core\Scripting</Filter>
    </ClInclude>
    <ClInclude Include="ComponentSoundListener.h">
      <Filter>GameEntity\Components</Filter>
    </ClInclude>
    <ClInclude Include="ComponentSoundSource.h">
      <Filter>GameEntity\Components</Filter>
    </ClInclude>
    <ClInclude Include="ComponentType.h">
      <Filter>GameEntity\Components</Filter>
    </ClInclude>
    <ClInclude Include="ContentRegistry.h">
      <Filter>Persistence\ToChange</Filter>
    </ClInclude>
    <ClInclude Include="DataContainer.h">
      <Filter>Core\Scripting</Filter>
    </ClInclude>
    <ClInclude Include="DataContainerAPI.h">
      <Filter>Core\Scripting</Filter>
    </ClInclude>
    <ClInclude Include="DataContainerExporter.h">
      <Filter>Core\Scripting</Filter>
    </ClInclude>
    <ClInclude Include="DebugDrawPass.h">
      <Filter>D3D12\Rendering\DebugDraw</Filter>
    </ClInclude>
    <ClInclude Include="DeferredShadingPass.h">
      <Filter>D3D12\Rendering\Pass</Filter>
    </ClInclude>
    <ClInclude Include="Delegates.h">
      <Filter>Persistence\Importers\External\UI\Events</Filter>
    </ClInclude>
    <ClInclude Include="DescriptorHandle.h">
      <Filter>D3D12\Wrappers\Descriptors</Filter>
    </ClInclude>
    <ClInclude Include="DescriptorHeap.h">
      <Filter>D3D12\Wrappers\Descriptors</Filter>
    </ClInclude>
    <ClInclude Include="DescriptorHeapBlock.h">
      <Filter>D3D12\Wrappers\Descriptors</Filter>
    </ClInclude>
    <ClInclude Include="DeviceType.h">
      <Filter>Inputs</Filter>
    </ClInclude>
    <ClInclude Include="EditorToolbar.h">
      <Filter>Editor\Toolbars</Filter>
    </ClInclude>
    <ClInclude Include="EditorWindow.h">
      <Filter>Editor</Filter>
    </ClInclude>
    <ClInclude Include="EmitterAnimation.h">
      <Filter>ParticleSystem\Properties</Filter>
    </ClInclude>
    <ClInclude Include="EmitterArea.h">
      <Filter>ParticleSystem\Properties</Filter>
    </ClInclude>
    <ClInclude Include="EmitterColor.h">
      <Filter>ParticleSystem\Properties</Filter>
    </ClInclude>
    <ClInclude Include="EmitterInstance.h">
      <Filter>ParticleSystem</Filter>
    </ClInclude>
    <ClInclude Include="EmitterLifetime.h">
      <Filter>ParticleSystem\Properties</Filter>
    </ClInclude>
    <ClInclude Include="EmitterRender.h">
      <Filter>ParticleSystem\Properties</Filter>
    </ClInclude>
    <ClInclude Include="EmitterRotation.h">
      <Filter>ParticleSystem\Properties</Filter>
    </ClInclude>
    <ClInclude Include="EmitterSize.h">
      <Filter>ParticleSystem\Properties</Filter>
    </ClInclude>
    <ClInclude Include="EmitterSpawn.h">
      <Filter>ParticleSystem\Properties</Filter>
    </ClInclude>
    <ClInclude Include="EmitterVelocity.h">
      <Filter>ParticleSystem\Properties</Filter>
    </ClInclude>
    <ClInclude Include="Engine.h">
      <Filter>Core\Engine</Filter>
    </ClInclude>
    <ClInclude Include="EngineAPI.h">
      <Filter>Core</Filter>
    </ClInclude>
    <ClInclude Include="EquirectangularPass.h">
      <Filter>D3D12\Rendering\IBL</Filter>
    </ClInclude>
    <ClInclude Include="Extensions.h">
      <Filter>Persistence\Importers\Core</Filter>
    </ClInclude>
    <ClInclude Include="FieldHandler.h">
      <Filter>Core\Scripting\FieldTypeHandler</Filter>
    </ClInclude>
    <ClInclude Include="FieldHandlerRegistry.h">
      <Filter>Core\Scripting\FieldTypeHandler</Filter>
    </ClInclude>
    <ClInclude Include="FieldInfo.h">
      <Filter>Core\Scripting</Filter>
    </ClInclude>
    <ClInclude Include="FieldMacros.h">
      <Filter>Core\Scripting</Filter>
    </ClInclude>
    <ClInclude Include="FieldTypeTraits.h">
      <Filter>Core\Scripting</Filter>
    </ClInclude>
    <ClInclude Include="FieldUtils.h">
      <Filter>Core\Scripting</Filter>
    </ClInclude>
    <ClInclude Include="FileDialog.h">
      <Filter>Editor\Views</Filter>
    </ClInclude>
    <ClInclude Include="FileDialogClipboard.h">
      <Filter>Editor\Views</Filter>
    </ClInclude>
    <ClInclude Include="FileDialogRequest.h">
      <Filter>Editor\Views</Filter>
    </ClInclude>
    <ClInclude Include="FileIO.h">
      <Filter>Persistence</Filter>
    </ClInclude>
    <ClInclude Include="FontAsset.h">
      <Filter>Persistence\Assets</Filter>
    </ClInclude>
    <ClInclude Include="FontPass.h">
      <Filter>D3D12\Rendering\Pass</Filter>
    </ClInclude>
    <ClInclude Include="ForwardPrepass.h">
      <Filter>D3D12\Rendering\Pass</Filter>
    </ClInclude>
    <ClInclude Include="Frustum.h">
      <Filter>D3D12\Geometry</Filter>
    </ClInclude>
    <ClInclude Include="GameObject.h">
      <Filter>GameEntity\GameObject</Filter>
    </ClInclude>
    <ClInclude Include="GamePad.h">
      <Filter>Inputs\GamePad</Filter>
    </ClInclude>
    <ClInclude Include="GenericTypeFactory.h">
      <Filter>Core</Filter>
    </ClInclude>
    <ClInclude Include="GeometryPass.h">
      <Filter>D3D12\Rendering\Pass</Filter>
    </ClInclude>
    <ClInclude Include="Globals.h">
      <Filter>Core</Filter>
    </ClInclude>
    <ClInclude Include="Handle.h">
      <Filter>D3D12\Wrappers\Descriptors</Filter>
    </ClInclude>
    <ClInclude Include="HapticEffectDefinition.h">
      <Filter>Haptics</Filter>
    </ClInclude>
    <ClInclude Include="HapticEffectLibrary.h">
      <Filter>Haptics</Filter>
    </ClInclude>
    <ClInclude Include="HierarchyTreeRenderer.h">
      <Filter>Editor\Views\Hierarchy</Filter>
    </ClInclude>
    <ClInclude Include="HierarchyUtils.h">
      <Filter>Editor\Views\Hierarchy</Filter>
    </ClInclude>
    <ClInclude Include="IArchive.h">
      <Filter>Persistence</Filter>
    </ClInclude>
    <ClInclude Include="ICacheable.h">
      <Filter>Persistence</Filter>
    </ClInclude>
    <ClInclude Include="ICommand.h">
      <Filter>Core\Commands</Filter>
    </ClInclude>
    <ClInclude Include="IDebugDrawable.h">
      <Filter>D3D12\Rendering\DebugDraw</Filter>
    </ClInclude>
    <ClInclude Include="IFieldContainer.h">
      <Filter>Core\Scripting</Filter>
    </ClInclude>
    <ClInclude Include="IPointerEventHandler.h">
      <Filter>Persistence\Importers\External\UI\Events</Filter>
    </ClInclude>
    <ClInclude Include="IRenderPass.h">
      <Filter>D3D12\Rendering\Pass</Filter>
    </ClInclude>
    <ClInclude Include="ISerializable.h">
      <Filter>Persistence</Filter>
    </ClInclude>
    <ClInclude Include="ImGuiPass.h">
      <Filter>D3D12\Rendering\Pass</Filter>
    </ClInclude>
    <ClInclude Include="ImportSettings.h">
      <Filter>Persistence\Importers</Filter>
    </ClInclude>
    <ClInclude Include="Importer.h">
      <Filter>Persistence\Importers\Core</Filter>
    </ClInclude>
    <ClInclude Include="ImporterFont.h">
      <Filter>Persistence\Importers\External</Filter>
    </ClInclude>
    <ClInclude Include="ImporterGltf.h">
      <Filter>Persistence\Importers\External\Gltf</Filter>
    </ClInclude>
    <ClInclude Include="ImporterNative.h">
      <Filter>Persistence\Importers\Core</Filter>
    </ClInclude>
    <ClInclude Include="ImporterNavMesh.h">
      <Filter>Persistence\Importers\External</Filter>
    </ClInclude>
    <ClInclude Include="ImporterPrefab.h">
      <Filter>Persistence\Importers\Native</Filter>
    </ClInclude>
    <ClInclude Include="ImporterRegistry.h">
      <Filter>Persistence</Filter>
    </ClInclude>
    <ClInclude Include="ImporterSoundBank.h">
      <Filter>Persistence\Importers\External</Filter>
    </ClInclude>
    <ClInclude Include="ImporterSource.h">
      <Filter>Persistence\Importers\Core</Filter>
    </ClInclude>
    <ClInclude Include="ImporterTexture.h">
      <Filter>Persistence\Importers\External</Filter>
    </ClInclude>
    <ClInclude Include="IndexBuffer.h">
      <Filter>D3D12\Resources\Buffers\IndexBuffer</Filter>
    </ClInclude>
    <ClInclude Include="JsonArchive.h">
      <Filter>Persistence</Filter>
    </ClInclude>
    <ClInclude Include="KeyCode.h">
      <Filter>Inputs\Keyboard</Filter>
    </ClInclude>
    <ClInclude Include="Keyboard.h">
      <Filter>Inputs\Keyboard</Filter>
    </ClInclude>
    <ClInclude Include="Layer.h">
      <Filter>GameEntity\GameObject</Filter>
    </ClInclude>
    <ClInclude Include="LightComponent.h">
      <Filter>GameEntity\Components</Filter>
    </ClInclude>
    <ClInclude Include="LightingPass.h">
      <Filter>D3D12\Rendering\Pass</Filter>
    </ClInclude>
    <ClInclude Include="Lights.h">
      <Filter>D3D12\Entities</Filter>
    </ClInclude>
    <ClInclude Include="MD5.h">
      <Filter>Persistence\UID</Filter>
    </ClInclude>
    <ClInclude Include="MD5Fwd.h">
      <Filter>Maths</Filter>
    </ClInclude>
    <ClInclude Include="MaterialAsset.h">
      <Filter>Persistence\Assets</Filter>
    </ClInclude>
    <ClInclude Include="MeshAsset.h">
      <Filter>Persistence\Assets</Filter>
    </ClInclude>
    <ClInclude Include="MeshRenderer.h">
      <Filter>GameEntity\Components</Filter>
    </ClInclude>
    <ClInclude Include="Metadata.h">
      <Filter>Persistence\Assets</Filter>
    </ClInclude>
    <ClInclude Include="Module.h">
      <Filter>Core</Filter>
    </ClInclude>
    <ClInclude Include="ModuleAssets.h">
      <Filter>Persistence</Filter>
    </ClInclude>
    <ClInclude Include="ModuleAssets.inl">
      <Filter>Persistence</Filter>
    </ClInclude>
    <ClInclude Include="ModuleCamera.h">
      <Filter>D3D12\Rendering</Filter>
    </ClInclude>
    <ClInclude Include="ModuleD3D12.h">
      <Filter>D3D12</Filter>
    </ClInclude>
    <ClInclude Include="ModuleDescriptors.h">
      <Filter>D3D12\Wrappers\Descriptors</Filter>
    </ClInclude>
    <ClInclude Include="ModuleEditor.h">
      <Filter>Editor</Filter>
    </ClInclude>
    <ClInclude Include="ModuleEventSystem.h">
      <Filter>Persistence\Importers\External\UI\Events</Filter>
    </ClInclude>
    <ClInclude Include="ModuleGameView.h">
      <Filter>GameEntity</Filter>
    </ClInclude>
    <ClInclude Include="ModuleHaptics.h">
      <Filter>Haptics</Filter>
    </ClInclude>
    <ClInclude Include="ModuleInput.h">
      <Filter>Inputs</Filter>
    </ClInclude>
    <ClInclude Include="ModuleMusic.h">
      <Filter>MusicSystem</Filter>
    </ClInclude>
    <ClInclude Include="ModuleNavigation.h">
      <Filter>NavMesh</Filter>
    </ClInclude>
    <ClInclude Include="ModuleParticleSystem.h">
      <Filter>ParticleSystem</Filter>
    </ClInclude>
    <ClInclude Include="ModuleRender.h">
      <Filter>D3D12\Rendering</Filter>
    </ClInclude>
    <ClInclude Include="ModuleResources.h">
      <Filter>D3D12\Resources</Filter>
    </ClInclude>
    <ClInclude Include="ModuleScene.h">
      <Filter>GameEntity</Filter>
    </ClInclude>
    <ClInclude Include="ModuleTime.h">
      <Filter>Core\Timers</Filter>
    </ClInclude>
    <ClInclude Include="ModuleUI.h">
      <Filter>Persistence\Importers\External\UI</Filter>
    </ClInclude>
    <ClInclude Include="Mouse.h">
      <Filter>Inputs\Mouse</Filter>
    </ClInclude>
    <ClInclude Include="MusicPlaybackTracker.h">
      <Filter>MusicSystem</Filter>
    </ClInclude>
    <ClInclude Include="NavMeshAsset.h">
      <Filter>NavMesh</Filter>
    </ClInclude>
    <ClInclude Include="NavMeshBuildSettings.h">
      <Filter>NavMesh</Filter>
    </ClInclude>
    <ClInclude Include="NavMeshBuilder.h">
      <Filter>NavMesh</Filter>
    </ClInclude>
    <ClInclude Include="NavMeshGeometryExtractor.h">
      <Filter>NavMesh</Filter>
    </ClInclude>
    <ClInclude Include="NavMeshResource.h">
      <Filter>NavMesh</Filter>
    </ClInclude>
    <ClInclude Include="NavMeshTypes.h">
      <Filter>NavMesh</Filter>
    </ClInclude>
    <ClInclude Include="NavModifierVolumeComponent.h">
      <Filter>NavMesh</Filter>
    </ClInclude>
    <ClInclude Include="NavRuntimeBlockerComponent.h">
      <Filter>NavMesh</Filter>
    </ClInclude>
    <ClInclude Include="OptickProfiler.h">
      <Filter>Editor\Views\Debugging</Filter>
    </ClInclude>
    <ClInclude Include="ParticleCommands.h">
      <Filter>ParticleSystem</Filter>
    </ClInclude>
    <ClInclude Include="ParticleEmitter.h">
      <Filter>ParticleSystem</Filter>
    </ClInclude>
    <ClInclude Include="ParticleModule.h">
      <Filter>ParticleSystem</Filter>
    </ClInclude>
    <ClInclude Include="ParticleSystem.h">
      <Filter>ParticleSystem</Filter>
    </ClInclude>
    <ClInclude Include="ParticleSystemComponent.h">
      <Filter>GameEntity\Components</Filter>
    </ClInclude>
    <ClInclude Include="ParticlesPass.h">
      <Filter>D3D12\Rendering\Pass</Filter>
    </ClInclude>
    <ClInclude Include="PdbPatcher.h">
      <Filter>Core\Scripting\HotReloading\Pdb</Filter>
    </ClInclude>
    <ClInclude Include="PlatformHelpers.h">
      <Filter>Core</Filter>
    </ClInclude>
    <ClInclude Include="PlayToolbar.h">
      <Filter>Editor\Toolbars</Filter>
    </ClInclude>
    <ClInclude Include="PlayerBinding.h">
      <Filter>Inputs</Filter>
    </ClInclude>
    <ClInclude Include="PlayerPass.h">
      <Filter>D3D12\Rendering\Pass</Filter>
    </ClInclude>
    <ClInclude Include="PlayerRenderBufferComponent.h">
      <Filter>GameEntity\Components</Filter>
    </ClInclude>
    <ClInclude Include="PlayingSound.h">
      <Filter>MusicSystem</Filter>
    </ClInclude>
    <ClInclude Include="PointerEventData.h">
      <Filter>Persistence\Importers\External\UI\Events</Filter>
    </ClInclude>
    <ClInclude Include="Prefab.h">
      <Filter>Persistence\Assets</Filter>
    </ClInclude>
    <ClInclude Include="PrefabEditSession.h">
      <Filter>Prefabs</Filter>
    </ClInclude>
    <ClInclude Include="PrefabInstance.h">
      <Filter>Prefabs</Filter>
    </ClInclude>
    <ClInclude Include="PrefabManager.h">
      <Filter>Persistence\ToChange</Filter>
    </ClInclude>
    <ClInclude Include="PrefabUI.h">
      <Filter>Prefabs</Filter>
    </ClInclude>
    <ClInclude Include="QuadNode.h">
      <Filter>DataStructure</Filter>
    </ClInclude>
    <ClInclude Include="Quadtree.h">
      <Filter>DataStructure</Filter>
    </ClInclude>
    <ClInclude Include="ReadData.h">
      <Filter>Persistence</Filter>
    </ClInclude>
    <ClInclude Include="RenderContext.h">
      <Filter>D3D12\Rendering</Filter>
    </ClInclude>
    <ClInclude Include="RenderSurface.h">
      <Filter>D3D12\Wrappers</Filter>
    </ClInclude>
    <ClInclude Include="RenderViewType.h">
      <Filter>D3D12\Rendering</Filter>
    </ClInclude>
    <ClInclude Include="Resource.h">
      <Filter>D3D12\Resources</Filter>
    </ClInclude>
    <ClInclude Include="Resources.h">
      <Filter>D3D12\Resources</Filter>
    </ClInclude>
    <ClInclude Include="RingBuffer.h">
      <Filter>D3D12\Resources\Buffers\RingBuffer</Filter>
    </ClInclude>
    <ClInclude Include="SSAOBlurPass.h">
      <Filter>D3D12\Rendering\Pass</Filter>
    </ClInclude>
    <ClInclude Include="SSAOGeometryPass.h">
      <Filter>D3D12\Rendering\Pass</Filter>
    </ClInclude>
    <ClInclude Include="SSAOPass.h">
      <Filter>D3D12\Rendering\Pass</Filter>
    </ClInclude>
    <ClInclude Include="SSAOSettings.h">
      <Filter>D3D12\Rendering\Pass</Filter>
    </ClInclude>
    <ClInclude Include="SSAOTypes.h">
      <Filter>D3D12\Rendering\Pass</Filter>
    </ClInclude>
    <ClInclude Include="Scene.h">
      <Filter>GameEntity\Scene</Filter>
    </ClInclude>
    <ClInclude Include="SceneConfig.h">
      <Filter>Editor</Filter>
    </ClInclude>
    <ClInclude Include="SceneDataCB.h">
      <Filter>GameEntity\Scene</Filter>
    </ClInclude>
    <ClInclude Include="SceneLightingSettings.h">
      <Filter>GameEntity\Scene</Filter>
    </ClInclude>
    <ClInclude Include="ScenePicking.h">
      <Filter>GameEntity\Scene</Filter>
    </ClInclude>
    <ClInclude Include="SceneReferenceResolver.h">
      <Filter>GameEntity\Scene</Filter>
    </ClInclude>
    <ClInclude Include="SceneSnapshot.h">
      <Filter>GameEntity\Scene</Filter>
    </ClInclude>
    <ClInclude Include="Script.h">
      <Filter>Core\Scripting</Filter>
    </ClInclude>
    <ClInclude Include="ScriptAPI.h">
      <Filter>Core</Filter>
    </ClInclude>
    <ClInclude Include="ScriptBuildSystem.h">
      <Filter>Core\Scripting\HotReloading\ScriptBuildSystem</Filter>
    </ClInclude>
    <ClInclude Include="ScriptComponent.h">
      <Filter>Core\Scripting</Filter>
    </ClInclude>
    <ClInclude Include="ScriptFactory.h">
      <Filter>Core\Scripting</Filter>
    </ClInclude>
    <ClInclude Include="ScriptLibraryLoader.h">
      <Filter>Core\Scripting\HotReloading\ScriptLibraryLoader</Filter>
    </ClInclude>
    <ClInclude Include="ScriptMethodInfo.h">
      <Filter>Core\Scripting</Filter>
    </ClInclude>
    <ClInclude Include="ScriptMethodList.h">
      <Filter>Core\Scripting</Filter>
    </ClInclude>
    <ClInclude Include="Settings.h">
      <Filter>Core</Filter>
    </ClInclude>
    <ClInclude Include="ShadowMapPass.h">
      <Filter>D3D12\Rendering\Pass</Filter>
    </ClInclude>
    <ClInclude Include="ShadowTypes.h">
      <Filter>D3D12\Rendering\Pass</Filter>
    </ClInclude>
    <ClInclude Include="SimpleMath.h">
      <Filter>Maths</Filter>
    </ClInclude>
    <ClInclude Include="Skin.h">
      <Filter>D3D12\Geometry</Filter>
    </ClInclude>
    <ClInclude Include="SkinAsset.h">
      <Filter>Animations</Filter>
    </ClInclude>
    <ClInclude Include="SkinningComputePass.h">
      <Filter>Animations</Filter>
    </ClInclude>
    <ClInclude Include="SkyBox.h">
      <Filter>D3D12\Entities</Filter>
    </ClInclude>
    <ClInclude Include="SkyBoxPass.h">
      <Filter>D3D12\Rendering\Pass</Filter>
    </ClInclude>
    <ClInclude Include="SkyBoxSettings.h">
      <Filter>GameEntity\Scene</Filter>
    </ClInclude>
    <ClInclude Include="SkyboxParams.h">
      <Filter>D3D12\Rendering\Pass</Filter>
    </ClInclude>
    <ClInclude Include="SoundBankAsset.h">
      <Filter>Persistence\Assets</Filter>
    </ClInclude>
    <ClInclude Include="SoundReference.h">
      <Filter>MusicSystem</Filter>
    </ClInclude>
    <ClInclude Include="SpriteParams.h">
      <Filter>D3D12\Rendering\RenderData</Filter>
    </ClInclude>
    <ClInclude Include="SpriteVertex.h">
      <Filter>Persistence\Importers\External\UI</Filter>
    </ClInclude>
    <ClInclude Include="StagingDescriptorheap.h">
      <Filter>D3D12\Wrappers\Descriptors</Filter>
    </ClInclude>
    <ClInclude Include="StateMachineScript.h">
      <Filter>Core\Scripting</Filter>
    </ClInclude>
    <ClInclude Include="StaticTexturesPass.h">
      <Filter>D3D12\Rendering\Pass</Filter>
    </ClInclude>
    <ClInclude Include="SwapChain.h">
      <Filter>D3D12</Filter>
    </ClInclude>
    <ClInclude Include="Tag.h">
      <Filter>GameEntity\GameObject</Filter>
    </ClInclude>
    <ClInclude Include="Texture.h">
      <Filter>D3D12\Resources\Textures</Filter>
    </ClInclude>
    <ClInclude Include="TextureAsset.h">
      <Filter>Persistence\Assets</Filter>
    </ClInclude>
    <ClInclude Include="TextureImage.h">
      <Filter>Persistence\Assets</Filter>
    </ClInclude>
    <ClInclude Include="TextureImportSettings.h">
      <Filter>Persistence\Importers\External</Filter>
    </ClInclude>
    <ClInclude Include="ThreadPool.h">
      <Filter>Core</Filter>
    </ClInclude>
    <ClInclude Include="Timer.h">
      <Filter>Core\Timers</Filter>
    </ClInclude>
    <ClInclude Include="TrailComponent.h">
      <Filter>GameEntity\Components</Filter>
    </ClInclude>
    <ClInclude Include="TrailPass.h">
      <Filter>D3D12\Rendering\Pass</Filter>
    </ClInclude>
    <ClInclude Include="Transform.h">
      <Filter>GameEntity\Components</Filter>
    </ClInclude>
    <ClInclude Include="Transform2D.h">
      <Filter>Persistence\Importers\External\UI</Filter>
    </ClInclude>
    <ClInclude Include="TriggerComponent.h">
      <Filter>GameEntity\Components</Filter>
    </ClInclude>
    <ClInclude Include="TriggerDebugDrawMode.h">
      <Filter>D3D12\Rendering\DebugDraw</Filter>
    </ClInclude>
    <ClInclude Include="TriggerShape.h">
      <Filter>GameEntity\Components</Filter>
    </ClInclude>
    <ClInclude Include="TriggerSystem.h">
      <Filter>GameEntity</Filter>
    </ClInclude>
    <ClInclude Include="UIButton.h">
      <Filter>Persistence\Importers\External\UI</Filter>
    </ClInclude>
    <ClInclude Include="UICommands.h">
      <Filter>Persistence\Importers\External\UI</Filter>
    </ClInclude>
    <ClInclude Include="UID.h">
      <Filter>Persistence\UID</Filter>
    </ClInclude>
    <ClInclude Include="UIFill.h">
      <Filter>Persistence\Importers\External\UI</Filter>
    </ClInclude>
    <ClInclude Include="UIImage.h">
      <Filter>Persistence\Importers\External\UI</Filter>
    </ClInclude>
    <ClInclude Include="UIImagePass.h">
      <Filter>D3D12\Rendering\Pass</Filter>
    </ClInclude>
    <ClInclude Include="UILayoutUtils.h">
      <Filter>Persistence\Importers\External\UI</Filter>
    </ClInclude>
    <ClInclude Include="UINavigation.h">
      <Filter>Persistence\Importers\External\UI\Events</Filter>
    </ClInclude>
    <ClInclude Include="UIParams.h">
      <Filter>Persistence\Importers\External\UI</Filter>
    </ClInclude>
    <ClInclude Include="UIRect.h">
      <Filter>Persistence\Importers\External\UI</Filter>
    </ClInclude>
    <ClInclude Include="UISheet.h">
      <Filter>Persistence\Importers\External\UI</Filter>
    </ClInclude>
    <ClInclude Include="UISlider.h">
      <Filter>Persistence\Importers\External\UI</Filter>
    </ClInclude>
    <ClInclude Include="UIText.h">
      <Filter>Persistence\Importers\External\UI</Filter>
    </ClInclude>
    <ClInclude Include="UtilityGLFT.h">
      <Filter>Persistence\Importers\External\Gltf</Filter>
    </ClInclude>
    <ClInclude Include="Vertex.h">
      <Filter>D3D12\Geometry</Filter>
    </ClInclude>
    <ClInclude Include="VertexBuffer.h">
      <Filter>D3D12\Resources\Buffers\VertexBuffer</Filter>
    </ClInclude>
    <ClInclude Include="ViewHierarchyDialog.h">
      <Filter>Editor\Views\Hierarchy</Filter>
    </ClInclude>
    <ClInclude Include="WeakCache.h">
      <Filter>Persistence</Filter>
    </ClInclude>
    <ClInclude Include="WindowAnimationStateMachine.h">
      <Filter>Editor\Views</Filter>
    </ClInclude>
    <ClInclude Include="WindowDataContainerManager.h">
      <Filter>Editor\Views</Filter>
    </ClInclude>
    <ClInclude Include="WindowEditorSettings.h">
      <Filter>Editor\Views</Filter>
    </ClInclude>
    <ClInclude Include="WindowFileDialog.h">
      <Filter>Editor\Views</Filter>
    </ClInclude>
    <ClInclude Include="WindowGame.h">
      <Filter>Editor\Views</Filter>
    </ClInclude>
    <ClInclude Include="WindowGameDebug.h">
      <Filter>Editor\Views\Debugging</Filter>
    </ClInclude>
    <ClInclude Include="WindowHardware.h">
      <Filter>Editor\Views\Debugging</Filter>
    </ClInclude>
    <ClInclude Include="WindowHierarchy.h">
      <Filter>Editor\Views\Hierarchy</Filter>
    </ClInclude>
    <ClInclude Include="WindowInspector.h">
      <Filter>Editor\Views</Filter>
    </ClInclude>
    <ClInclude Include="WindowLogger.h">
      <Filter>Editor\Views\Debugging</Filter>
    </ClInclude>
    <ClInclude Include="WindowMusicDebug.h">
      <Filter>Editor\Views\Debugging</Filter>
    </ClInclude>
    <ClInclude Include="WindowSceneEditor.h">
      <Filter>Editor\Views</Filter>
    </ClInclude>
    <ClInclude Include="WwiseBank.h">
      <Filter>MusicSystem\Wwise</Filter>
    </ClInclude>
    <ClInclude Include="WwiseEvent.h">
      <Filter>MusicSystem\Wwise</Filter>
    </ClInclude>
    <ClInclude Include="WwiseManager.h">
      <Filter>MusicSystem\Wwise</Filter>
    </ClInclude>
    <ClInclude Include="cvector.h">
      <Filter>Maths</Filter>
    </ClInclude>
    <ClInclude Include="debug_draw.hpp">
      <Filter>D3D12\Rendering\DebugDraw</Filter>
    </ClInclude>
    <ClInclude Include="framework.h">
      <Filter>Core</Filter>
    </ClInclude>
    <ClInclude Include="targetver.h">
      <Filter>Core</Filter>
    </ClInclude>
  </ItemGroup>
  <ItemGroup>
    <FxCompile Include="BRDFPixelShader.hlsl">
      <Filter>D3D12\Rendering\Pass\Shaders</Filter>
    </FxCompile>
    <FxCompile Include="BRDFVertexShader.hlsl">
      <Filter>D3D12\Rendering\Pass\Shaders</Filter>
    </FxCompile>
    <FxCompile Include="EquirectangularPixelShader.hlsl">
      <Filter>D3D12\Rendering\IBL</Filter>
    </FxCompile>
    <FxCompile Include="EquirectangularVertexShader.hlsl">
      <Filter>D3D12\Rendering\IBL</Filter>
    </FxCompile>
    <FxCompile Include="ForwardPrepassVertexShader.hlsl">
      <Filter>D3D12\Rendering\Pass\Shaders</Filter>
    </FxCompile>
    <FxCompile Include="FullscreenTriangleVS.hlsl">
      <Filter>D3D12\Rendering\Pass\Shaders</Filter>
    </FxCompile>
    <FxCompile Include="GBufferPS.hlsl">
      <Filter>D3D12\Rendering\Pass\Shaders</Filter>
    </FxCompile>
    <FxCompile Include="GBufferVS.hlsl">
      <Filter>D3D12\Rendering\Pass\Shaders</Filter>
    </FxCompile>
    <FxCompile Include="LightPixelShader.hlsl">
      <Filter>D3D12\Rendering\Pass\Shaders</Filter>
    </FxCompile>
    <FxCompile Include="ParticlePixelShader.hlsl">
      <Filter>D3D12\Rendering\Pass\Shaders</Filter>
    </FxCompile>
    <FxCompile Include="ParticleVertexShader.hlsl">
      <Filter>D3D12\Rendering\Pass\Shaders</Filter>
    </FxCompile>
    <FxCompile Include="PlayerPixelShader.hlsl">
      <Filter>D3D12\Rendering\Pass\Shaders</Filter>
    </FxCompile>
    <FxCompile Include="PlayerVertexShader.hlsl">
      <Filter>D3D12\Rendering\Pass\Shaders</Filter>
    </FxCompile>
    <FxCompile Include="SSAO.hlsl">
      <Filter>D3D12\Rendering\Pass\Shaders</Filter>
    </FxCompile>
    <FxCompile Include="SSAOBlur.hlsl">
      <Filter>D3D12\Rendering\Pass\Shaders</Filter>
    </FxCompile>
    <FxCompile Include="SSAONormalPS.hlsl">
      <Filter>D3D12\Rendering\Pass\Shaders</Filter>
    </FxCompile>
    <FxCompile Include="SSAONormalVS.hlsl">
      <Filter>D3D12\Rendering\Pass\Shaders</Filter>
    </FxCompile>
    <FxCompile Include="ShadowMapVertexShader.hlsl">
      <Filter>D3D12\Rendering\Pass\Shaders</Filter>
    </FxCompile>
    <FxCompile Include="SkinningComputeShader.hlsl">
      <Filter>Animations</Filter>
    </FxCompile>
    <FxCompile Include="SkyBoxPixelShader.hlsl">
      <Filter>D3D12\Rendering\Pass\Shaders</Filter>
    </FxCompile>
    <FxCompile Include="SkyBoxVertexShader.hlsl">
      <Filter>D3D12\Rendering\Pass\Shaders</Filter>
    </FxCompile>
    <FxCompile Include="SkyboxEnvironmentPixelShader.hlsl">
      <Filter>D3D12\Rendering\Pass\Shaders</Filter>
    </FxCompile>
    <FxCompile Include="SkyboxEnvironmentVertexShader.hlsl">
      <Filter>D3D12\Rendering\Pass\Shaders</Filter>
    </FxCompile>
    <FxCompile Include="SkyboxIrradiancePixelShader.hlsl">
      <Filter>D3D12\Rendering\Pass\Shaders</Filter>
    </FxCompile>
    <FxCompile Include="SkyboxIrradianceVertexShader.hlsl">
      <Filter>D3D12\Rendering\Pass\Shaders</Filter>
    </FxCompile>
    <FxCompile Include="SpritePixelShader.hlsl">
      <Filter>D3D12\Rendering\Pass\Shaders</Filter>
    </FxCompile>
    <FxCompile Include="SpriteVertexShader.hlsl">
      <Filter>D3D12\Rendering\Pass\Shaders</Filter>
    </FxCompile>
    <FxCompile Include="TrailPixelShader.hlsl">
      <Filter>D3D12\Rendering\Pass\Shaders</Filter>
    </FxCompile>
    <FxCompile Include="TrailVertexShader.hlsl">
      <Filter>D3D12\Rendering\Pass\Shaders</Filter>
    </FxCompile>
    <FxCompile Include="UIPixelShader.hlsl">
      <Filter>D3D12\Rendering\Pass\Shaders</Filter>
    </FxCompile>
    <FxCompile Include="UIVertexShader.hlsl">
      <Filter>D3D12\Rendering\Pass\Shaders</Filter>
    </FxCompile>
    <FxCompile Include="VertexShader.hlsl">
      <Filter>D3D12\Rendering\Pass\Shaders</Filter>
    </FxCompile>
  </ItemGroup>
  <ItemGroup>
    <None Include="3rdParty\imgui-node-editor-master\imgui_bezier_math.inl">
      <Filter>Editor\imgui\NodeEditor</Filter>
    </None>
    <None Include="3rdParty\imgui-node-editor-master\imgui_extra_math.inl">
      <Filter>Editor\imgui\NodeEditor</Filter>
    </None>
    <None Include="3rdParty\imgui-node-editor-master\imgui_node_editor_internal.inl">
      <Filter>Editor\imgui\NodeEditor</Filter>
    </None>
    <None Include="EngineAPI.inl">
      <Filter>Core\Engine</Filter>
    </None>
    <None Include="ForwardCommon.hlsli">
      <Filter>D3D12\Rendering\Pass\Shaders</Filter>
    </None>
    <None Include="GBufferCommon.hlsli">
      <Filter>D3D12\Rendering\Pass\Shaders</Filter>
    </None>
    <None Include="General.hlsli">
      <Filter>D3D12\Rendering\Pass\Shaders</Filter>
    </None>
    <None Include="GeometryCBuffers.hlsli">
      <Filter>D3D12\Rendering\Pass\Shaders</Filter>
    </None>
    <None Include="LightingCBuffers.hlsli">
      <Filter>D3D12\Rendering\Pass\Shaders</Filter>
    </None>
    <None Include="MakeSpriteFont.exe" />
    <None Include="PBRGeneral.hlsli">
      <Filter>D3D12\Rendering\Pass\Shaders</Filter>
    </None>
    <None Include="SimpleMath.inl">
      <Filter>Maths</Filter>
    </None>
  </ItemGroup>
  <ItemGroup>
    <ResourceCompile Include="Engine.rc">
      <Filter>Core\Engine</Filter>
    </ResourceCompile>
  </ItemGroup>
  <ItemGroup>
    <Image Include="Engine.ico">
      <Filter>Core\Engine</Filter>
    </Image>
    <Image Include="small.ico">
      <Filter>Core\Engine</Filter>
    </Image>
  </ItemGroup>
  <ItemGroup>
    <Filter Include="Animations">
      <UniqueIdentifier>{D1C0C766-AB62-463B-81E7-D2F2CBD149ED}</UniqueIdentifier>
    </Filter>
    <Filter Include="Core">
      <UniqueIdentifier>{FAEE944F-8D2E-44D1-9836-B59DA5C8F100}</UniqueIdentifier>
    </Filter>
    <Filter Include="Core\Application">
      <UniqueIdentifier>{04969C4D-2076-4C3F-8024-C3BA5CFC4371}</UniqueIdentifier>
    </Filter>
    <Filter Include="Core\Commands">
      <UniqueIdentifier>{CA251FA4-7334-4D31-8E1A-09AC28A92E17}</UniqueIdentifier>
    </Filter>
    <Filter Include="Core\Engine">
      <UniqueIdentifier>{5636FC3D-2D65-405F-B257-029CA6041A43}</UniqueIdentifier>
    </Filter>
    <Filter Include="Core\Scripting">
      <UniqueIdentifier>{C195A43B-ABAC-4A13-B092-6D416B72D490}</UniqueIdentifier>
    </Filter>
    <Filter Include="Core\Scripting\FieldTypeHandler">
      <UniqueIdentifier>{1E94C505-B9DF-42D9-A5E6-DAEBD2592583}</UniqueIdentifier>
    </Filter>
    <Filter Include="Core\Scripting\HotReloading\Pdb">
      <UniqueIdentifier>{A1A92EFE-6B02-4BFB-873C-7F82A7F56183}</UniqueIdentifier>
    </Filter>
    <Filter Include="Core\Scripting\HotReloading\ScriptBuildSystem">
      <UniqueIdentifier>{795AF19C-2574-4367-8FD2-507E31C28E5E}</UniqueIdentifier>
    </Filter>
    <Filter Include="Core\Scripting\HotReloading\ScriptLibraryLoader">
      <UniqueIdentifier>{57016C77-E865-4FB4-9BCD-05A12A5423AA}</UniqueIdentifier>
    </Filter>
    <Filter Include="Core\Timers">
      <UniqueIdentifier>{2C1CC002-E91F-41EC-88F3-B00EDD4E6A6B}</UniqueIdentifier>
    </Filter>
    <Filter Include="D3D12">
      <UniqueIdentifier>{9BA5A198-87C4-4A55-B7B2-8F347936AE4E}</UniqueIdentifier>
    </Filter>
    <Filter Include="D3D12\Entities">
      <UniqueIdentifier>{E0182C49-8493-46DB-92DC-22F6483F082D}</UniqueIdentifier>
    </Filter>
    <Filter Include="D3D12\Geometry">
      <UniqueIdentifier>{9D4223E3-0DE6-41AD-9ADC-B2373F0AAC4A}</UniqueIdentifier>
    </Filter>
    <Filter Include="D3D12\Geometry\BasicModel\BasicMaterial">
      <UniqueIdentifier>{DDBDA0DF-AD3F-4EF8-9881-7760B1F6C7EE}</UniqueIdentifier>
    </Filter>
    <Filter Include="D3D12\Geometry\BasicModel\Mesh">
      <UniqueIdentifier>{937F584A-92CF-4342-876A-52C363AD19F3}</UniqueIdentifier>
    </Filter>
    <Filter Include="D3D12\Rendering">
      <UniqueIdentifier>{BBAEDF6A-7C2B-4C9E-A49D-B5872E27D634}</UniqueIdentifier>
    </Filter>
    <Filter Include="D3D12\Rendering\DebugDraw">
      <UniqueIdentifier>{E3DA7B49-B18F-445B-ACD0-541D1CB20466}</UniqueIdentifier>
    </Filter>
    <Filter Include="D3D12\Rendering\IBL">
      <UniqueIdentifier>{1DF0E19D-6756-4A77-A987-8FB937456723}</UniqueIdentifier>
    </Filter>
    <Filter Include="D3D12\Rendering\Pass">
      <UniqueIdentifier>{7CC48637-E93B-4C99-B08D-BF9F80F0BD52}</UniqueIdentifier>
    </Filter>
    <Filter Include="D3D12\Rendering\Pass\Shaders">
      <UniqueIdentifier>{73DD9B6B-9F0F-439C-9EE9-6A836B1A45D6}</UniqueIdentifier>
    </Filter>
    <Filter Include="D3D12\Rendering\RenderData">
      <UniqueIdentifier>{32829B20-CAB9-451A-AA1D-FF81CFED369F}</UniqueIdentifier>
    </Filter>
    <Filter Include="D3D12\Resources">
      <UniqueIdentifier>{BF126C6A-B736-43D7-A32F-252D60344B06}</UniqueIdentifier>
    </Filter>
    <Filter Include="D3D12\Resources\Buffers">
      <UniqueIdentifier>{52262A74-6E6A-4865-9101-04250A07BC91}</UniqueIdentifier>
    </Filter>
    <Filter Include="D3D12\Resources\Buffers\IndexBuffer">
      <UniqueIdentifier>{242BEC77-A29E-4D6D-B8E7-55B7F3D50237}</UniqueIdentifier>
    </Filter>
    <Filter Include="D3D12\Resources\Buffers\RingBuffer">
      <UniqueIdentifier>{2C4B19DF-9BBA-41DB-86D6-D319A90E9541}</UniqueIdentifier>
    </Filter>
    <Filter Include="D3D12\Resources\Buffers\VertexBuffer">
      <UniqueIdentifier>{845F518B-F0A0-4A1C-8502-E8392A1E4923}</UniqueIdentifier>
    </Filter>
    <Filter Include="D3D12\Resources\Textures">
      <UniqueIdentifier>{B7EF1AF1-D442-4D12-989A-C12581D4786E}</UniqueIdentifier>
    </Filter>
    <Filter Include="D3D12\Wrappers">
      <UniqueIdentifier>{8794ED69-D41A-4915-B279-97760283DD30}</UniqueIdentifier>
    </Filter>
    <Filter Include="D3D12\Wrappers\Descriptors">
      <UniqueIdentifier>{A482CF0C-01CA-4BA3-8151-17C340DB24DE}</UniqueIdentifier>
    </Filter>
    <Filter Include="DataStructure">
      <UniqueIdentifier>{2E253E3A-AC2C-4E59-9A3C-A7CAACA55CBD}</UniqueIdentifier>
    </Filter>
    <Filter Include="Editor">
      <UniqueIdentifier>{77C4B76F-BBF3-49DA-8987-F746EC537F74}</UniqueIdentifier>
    </Filter>
    <Filter Include="Editor\Fonts">
      <UniqueIdentifier>{A24EC624-631E-463E-9996-3BAC96254341}</UniqueIdentifier>
    </Filter>
    <Filter Include="Editor\Toolbars">
      <UniqueIdentifier>{A0F52DFF-1A51-4378-885C-ED3944893F06}</UniqueIdentifier>
    </Filter>
    <Filter Include="Editor\Views">
      <UniqueIdentifier>{2D90D9E5-DFF0-4C17-8980-59CC41BDF240}</UniqueIdentifier>
    </Filter>
    <Filter Include="Editor\Views\Debugging">
      <UniqueIdentifier>{3DC379E2-9C8D-4922-9C01-0640EC557712}</UniqueIdentifier>
    </Filter>
    <Filter Include="Editor\Views\Hierarchy">
      <UniqueIdentifier>{3B681D33-8E8E-46CA-9DF6-9371EE5510AA}</UniqueIdentifier>
    </Filter>
    <Filter Include="Editor\imgui">
      <UniqueIdentifier>{E44216C0-77B4-42AA-B468-B180101935AE}</UniqueIdentifier>
    </Filter>
    <Filter Include="Editor\imgui\NodeEditor">
      <UniqueIdentifier>{022150F9-8530-4151-BA6A-492DA09DFE01}</UniqueIdentifier>
    </Filter>
    <Filter Include="GameEntity">
      <UniqueIdentifier>{A9B64829-757F-495D-8CAC-180737B0C452}</UniqueIdentifier>
    </Filter>
    <Filter Include="GameEntity\Components">
      <UniqueIdentifier>{FD176089-8C1A-449E-B42C-5BDDE93117CF}</UniqueIdentifier>
    </Filter>
    <Filter Include="GameEntity\GameObject">
      <UniqueIdentifier>{5DA44E8D-0E9D-418D-B621-33FCC884992A}</UniqueIdentifier>
    </Filter>
    <Filter Include="GameEntity\Scene">
      <UniqueIdentifier>{B0CA8915-13E7-4554-B1D3-9D1433F14CAA}</UniqueIdentifier>
    </Filter>
    <Filter Include="Haptics">
      <UniqueIdentifier>{E8A04097-3647-4672-8383-DA0E57CF8429}</UniqueIdentifier>
    </Filter>
    <Filter Include="Inputs">
      <UniqueIdentifier>{0EC0D4F1-52A4-4B8D-A08B-E9CC38CA89E5}</UniqueIdentifier>
    </Filter>
    <Filter Include="Inputs\GamePad">
      <UniqueIdentifier>{066571EF-7697-4573-B142-E75F96EE957E}</UniqueIdentifier>
    </Filter>
    <Filter Include="Inputs\Keyboard">
      <UniqueIdentifier>{DB560A27-AFE9-41FD-B358-99AABEC275D3}</UniqueIdentifier>
    </Filter>
    <Filter Include="Inputs\Mouse">
      <UniqueIdentifier>{504C2008-3C2D-4D75-8B6D-AC0E20339099}</UniqueIdentifier>
    </Filter>
    <Filter Include="Maths">
      <UniqueIdentifier>{84CC67E6-FDDC-4BF5-8207-B69697A090B3}</UniqueIdentifier>
    </Filter>
    <Filter Include="MusicSystem">
      <UniqueIdentifier>{6DE018A9-E781-47F0-ABD8-DF20B2CF2D30}</UniqueIdentifier>
    </Filter>
    <Filter Include="MusicSystem\3rdParty">
      <UniqueIdentifier>{5B96F830-FC6B-422A-B31E-9900FD06CBAF}</UniqueIdentifier>
    </Filter>
    <Filter Include="MusicSystem\Wwise">
      <UniqueIdentifier>{D11FB9F7-C2E4-4148-8354-E80509969307}</UniqueIdentifier>
    </Filter>
    <Filter Include="NavMesh">
      <UniqueIdentifier>{D844DCB6-A67F-40D6-9913-D402AFBA6AA0}</UniqueIdentifier>
    </Filter>
    <Filter Include="ParticleSystem">
      <UniqueIdentifier>{65B96A9A-8346-42FF-8145-3A7BEBD5A236}</UniqueIdentifier>
    </Filter>
    <Filter Include="ParticleSystem\Properties">
      <UniqueIdentifier>{CABAF11A-CB9E-4EA9-93D3-558A01BBFC45}</UniqueIdentifier>
    </Filter>
    <Filter Include="Persistence">
      <UniqueIdentifier>{54054781-559C-46BD-8BA0-AE94AA96DDDB}</UniqueIdentifier>
    </Filter>
    <Filter Include="Persistence\Assets">
      <UniqueIdentifier>{2895ACAC-F55B-44FC-BC09-C2F79C7D4951}</UniqueIdentifier>
    </Filter>
    <Filter Include="Persistence\Importers">
      <UniqueIdentifier>{574C1EE3-F49C-4AD0-8179-158C0A87FE8F}</UniqueIdentifier>
    </Filter>
    <Filter Include="Persistence\Importers\Core">
      <UniqueIdentifier>{58754739-923B-449A-8654-D3EF86D51D9F}</UniqueIdentifier>
    </Filter>
    <Filter Include="Persistence\Importers\External">
      <UniqueIdentifier>{23E8ADF8-80B1-436E-8BB8-24C2C63185A5}</UniqueIdentifier>
    </Filter>
    <Filter Include="Persistence\Importers\External\Gltf">
      <UniqueIdentifier>{5588DEB4-D104-4C36-A9DD-3B4AC8AC786A}</UniqueIdentifier>
    </Filter>
    <Filter Include="Persistence\Importers\External\UI">
      <UniqueIdentifier>{83BCF55D-26AA-4385-BBC4-221C2EDD25FC}</UniqueIdentifier>
    </Filter>
    <Filter Include="Persistence\Importers\External\UI\Events">
      <UniqueIdentifier>{C846358F-DBC9-456F-96C1-E41E10B45DA1}</UniqueIdentifier>
    </Filter>
    <Filter Include="Persistence\Importers\Native">
      <UniqueIdentifier>{B9D8B361-BFA1-44B3-8773-D910BA175FF8}</UniqueIdentifier>
    </Filter>
    <Filter Include="Persistence\ToChange">
      <UniqueIdentifier>{64B3AD58-B16B-486F-8784-08BE7018E5B2}</UniqueIdentifier>
    </Filter>
    <Filter Include="Persistence\UID">
      <UniqueIdentifier>{B57309D2-E541-413F-B31C-FE3F5EBD12C0}</UniqueIdentifier>
    </Filter>
    <Filter Include="Prefabs">
      <UniqueIdentifier>{112B1401-8099-43F0-8AEE-EEC0BA9766D3}</UniqueIdentifier>
    </Filter>
  </ItemGroup>
</Project>